
Microsoft Visual Studio Solution File, Format Version 12.00
# Visual Studio Version 17
VisualStudioVersion = 17.4.33110.190
MinimumVisualStudioVersion = 10.0.40219.1
Project("{00D1A9C2-B5F0-4AF3-8072-F6C62B433612}") = "Dacpac Project", "Dacpac Project.sqlproj", "{7C61AC64-34B6-46E9-B927-D9DF596E8A85}"
EndProject
Global
	GlobalSection(SolutionConfigurationPlatforms) = preSolution
		Debug|Any CPU = Debug|Any CPU
		Release|Any CPU = Release|Any CPU
	EndGlobalSection
	GlobalSection(ProjectConfigurationPlatforms) = postSolution
		{7C61AC64-34B6-46E9-B927-D9DF596E8A85}.Debug|Any CPU.ActiveCfg = Debug|Any CPU
		{7C61AC64-34B6-46E9-B927-D9DF596E8A85}.Debug|Any CPU.Build.0 = Debug|Any CPU
		{7C61AC64-34B6-46E9-B927-D9DF596E8A85}.Debug|Any CPU.Deploy.0 = Debug|Any CPU
		{7C61AC64-34B6-46E9-B927-D9DF596E8A85}.Release|Any CPU.ActiveCfg = Release|Any CPU
		{7C61AC64-34B6-46E9-B927-D9DF596E8A85}.Release|Any CPU.Build.0 = Release|Any CPU
		{7C61AC64-34B6-46E9-B927-D9DF596E8A85}.Release|Any CPU.Deploy.0 = Release|Any CPU
	EndGlobalSection
	GlobalSection(SolutionProperties) = preSolution
		HideSolutionNode = FALSE
	EndGlobalSection
	GlobalSection(ExtensibilityGlobals) = postSolution
		SolutionGuid = {F421D53B-C411-4EA8-9170-283938AB0C4C}
	EndGlobalSection
EndGlobal
